{
  "nodes": {
    "flake-utils": {
      "inputs": {
        "systems": "systems"
      },
      "locked": {
        "lastModified": 1731533236,
        "narHash": "sha256-l0KFg5HjrsfsO/JpG+r7fRrqm12kzFHyUHqHCVpMMbI=",
        "owner": "numtide",
        "repo": "flake-utils",
        "rev": "11707dc2f618dd54ca8739b309ec4fc024de578b",
        "type": "github"
      },
      "original": {
        "owner": "numtide",
        "repo": "flake-utils",
        "type": "github"
      }
    },
    "home-manager": {
      "inputs": {
        "nixpkgs": [
          "nixpkgs"
        ]
      },
      "locked": {
        "lastModified": 1739198052,
        "narHash": "sha256-fvAgCGK2phagbKv2S4YH4AIM566TKasfWMqYl3c3mPQ=",
        "owner": "nix-community",
        "repo": "home-manager",
        "rev": "b0bd29bb4b8df265b13bbb4a6639afa74faaa831",
        "type": "github"
      },
      "original": {
        "owner": "nix-community",
        "repo": "home-manager",
        "type": "github"
      }
    },
    "mgord9518-nur": {
      "inputs": {
        "nixpkgs": "nixpkgs"
      },
      "locked": {
        "lastModified": 1729679053,
        "narHash": "sha256-HPTt9iF80LcYykNxgTjhXGxf2BMgtYVmgQMa0i1BdpY=",
        "owner": "mgord9518",
        "repo": "nur",
        "rev": "6886faafdcda62d37e9352c602d7aa62109d7dfb",
        "type": "github"
      },
      "original": {
        "owner": "mgord9518",
        "repo": "nur",
        "type": "github"
      }
    },
    "mist": {
      "inputs": {
        "zig2nix": "zig2nix"
      },
      "locked": {
        "lastModified": 1739130568,
        "narHash": "sha256-1yO1RALRGbaA/U48BwXaVTriJleVef9RTQI55QjaYB4=",
        "owner": "mgord9518",
        "repo": "mist",
        "rev": "b0d648519c04c92efbb2fc2e5b99f6417624166e",
        "type": "github"
      },
      "original": {
        "owner": "mgord9518",
        "repo": "mist",
        "type": "github"
      }
    },
    "nixpkgs": {
      "locked": {
        "lastModified": 1712449641,
        "narHash": "sha256-U9DDWMexN6o5Td2DznEgguh8TRIUnIl9levmit43GcI=",
        "owner": "NixOS",
        "repo": "nixpkgs",
        "rev": "600b15aea1b36eeb43833a50b0e96579147099ff",
        "type": "github"
      },
      "original": {
        "owner": "NixOS",
        "ref": "nixpkgs-unstable",
        "repo": "nixpkgs",
        "type": "github"
      }
    },
    "nixpkgs_2": {
      "locked": {
        "lastModified": 1736817698,
        "narHash": "sha256-1m+JP9RUsbeLVv/tF1DX3Ew9Vl/fatXnlh/g5k3jcSk=",
        "owner": "nixos",
        "repo": "nixpkgs",
        "rev": "2b1fca3296ddd1602d2c4f104a4050e006f4b0cb",
        "type": "github"
      },
      "original": {
        "owner": "nixos",
        "repo": "nixpkgs",
        "type": "github"
      }
    },
    "nixpkgs_3": {
      "locked": {
        "lastModified": 1739020877,
        "narHash": "sha256-mIvECo/NNdJJ/bXjNqIh8yeoSjVLAuDuTUzAo7dzs8Y=",
        "owner": "nixos",
        "repo": "nixpkgs",
        "rev": "a79cfe0ebd24952b580b1cf08cd906354996d547",
        "type": "github"
      },
      "original": {
        "owner": "nixos",
        "ref": "nixos-unstable",
        "repo": "nixpkgs",
        "type": "github"
      }
    },
    "nixpkgs_4": {
      "locked": {
        "lastModified": 1714253743,
        "narHash": "sha256-mdTQw2XlariysyScCv2tTE45QSU9v/ezLcHJ22f0Nxc=",
        "owner": "nixos",
        "repo": "nixpkgs",
        "rev": "58a1abdbae3217ca6b702f03d3b35125d88a2994",
        "type": "github"
      },
      "original": {
        "owner": "nixos",
        "ref": "nixos-unstable",
        "repo": "nixpkgs",
        "type": "github"
      }
    },
    "root": {
      "inputs": {
        "home-manager": "home-manager",
        "mgord9518-nur": "mgord9518-nur",
        "mist": "mist",
        "nixpkgs": "nixpkgs_3",
        "suyu": "suyu"
      }
    },
    "suyu": {
      "inputs": {
        "nixpkgs": "nixpkgs_4",
        "systems": "systems_2"
      },
      "locked": {
        "lastModified": 1714727263,
        "narHash": "sha256-R+x0UZrBedeR6w+h44JaGwuQJrut5VVD2yjNgYNt9f4=",
        "ref": "refs/heads/master",
        "rev": "4013bb63ca2217eab5c4a25e266d68d908b96791",
        "revCount": 15,
        "type": "git",
        "url": "https://git.suyu.dev/suyu/nix-flake"
      },
      "original": {
        "type": "git",
        "url": "https://git.suyu.dev/suyu/nix-flake"
      }
    },
    "systems": {
      "locked": {
        "lastModified": 1681028828,
        "narHash": "sha256-Vy1rq5AaRuLzOxct8nz4T6wlgyUR7zLU309k9mBC768=",
        "owner": "nix-systems",
        "repo": "default",
        "rev": "da67096a3b9bf56a91d16901293e51ba5b49a27e",
        "type": "github"
      },
      "original": {
        "owner": "nix-systems",
        "repo": "default",
        "type": "github"
      }
    },
    "systems_2": {
      "locked": {
        "lastModified": 1689347949,
        "narHash": "sha256-12tWmuL2zgBgZkdoB6qXZsgJEH9LR3oUgpaQq2RbI80=",
        "owner": "nix-systems",
        "repo": "default-linux",
        "rev": "31732fcf5e8fea42e59c2488ad31a0e651500f68",
        "type": "github"
      },
      "original": {
        "owner": "nix-systems",
        "repo": "default-linux",
        "type": "github"
      }
    },
    "zig2nix": {
      "inputs": {
        "flake-utils": "flake-utils",
        "nixpkgs": "nixpkgs_2"
      },
      "locked": {
        "lastModified": 1739064784,
        "narHash": "sha256-AqQdeYVFp+OQPIXP/9POmWMm6UAGPMhvTIKHzOu3wy4=",
        "owner": "Cloudef",
        "repo": "zig2nix",
        "rev": "efc50116909a8d6385841e65a809f4462dc83318",
        "type": "github"
      },
      "original": {
        "owner": "Cloudef",
        "repo": "zig2nix",
        "type": "github"
      }
    }
  },
  "root": "root",
  "version": 7
}
