{
  "nodes": {
    "flake-parts": {
      "inputs": {
        "nixpkgs-lib": "nixpkgs-lib"
      },
      "locked": {
        "lastModified": 1738453229,
        "narHash": "sha256-7H9XgNiGLKN1G1CgRh0vUL4AheZSYzPm+zmZ7vxbJdo=",
        "owner": "hercules-ci",
        "repo": "flake-parts",
        "rev": "32ea77a06711b758da0ad9bd6a844c5740a87abd",
        "type": "github"
      },
      "original": {
        "owner": "hercules-ci",
        "repo": "flake-parts",
        "type": "github"
      }
    },
    "flake-utils": {
      "inputs": {
        "systems": "systems"
      },
      "locked": {
        "lastModified": 1731533236,
        "narHash": "sha256-l0KFg5HjrsfsO/JpG+r7fRrqm12kzFHyUHqHCVpMMbI=",
        "owner": "numtide",
        "repo": "flake-utils",
        "rev": "11707dc2f618dd54ca8739b309ec4fc024de578b",
        "type": "github"
      },
      "original": {
        "owner": "numtide",
        "repo": "flake-utils",
        "type": "github"
      }
    },
    "flake-utils_2": {
      "inputs": {
        "systems": "systems_2"
      },
      "locked": {
        "lastModified": 1731533236,
        "narHash": "sha256-l0KFg5HjrsfsO/JpG+r7fRrqm12kzFHyUHqHCVpMMbI=",
        "owner": "numtide",
        "repo": "flake-utils",
        "rev": "11707dc2f618dd54ca8739b309ec4fc024de578b",
        "type": "github"
      },
      "original": {
        "owner": "numtide",
        "repo": "flake-utils",
        "type": "github"
      }
    },
    "home-manager": {
      "inputs": {
        "nixpkgs": [
          "nixpkgs"
        ]
      },
      "locked": {
        "lastModified": 1741635347,
        "narHash": "sha256-2aYfV44h18alHXopyfL4D9GsnpE5XlSVkp4MGe586VU=",
        "owner": "nix-community",
        "repo": "home-manager",
        "rev": "7fb8678716c158642ac42f9ff7a18c0800fea551",
        "type": "github"
      },
      "original": {
        "owner": "nix-community",
        "repo": "home-manager",
        "type": "github"
      }
    },
    "mgord9518-nur": {
      "inputs": {
        "nixpkgs": "nixpkgs"
      },
      "locked": {
        "lastModified": 1729679053,
        "narHash": "sha256-HPTt9iF80LcYykNxgTjhXGxf2BMgtYVmgQMa0i1BdpY=",
        "owner": "mgord9518",
        "repo": "nur",
        "rev": "6886faafdcda62d37e9352c602d7aa62109d7dfb",
        "type": "github"
      },
      "original": {
        "owner": "mgord9518",
        "repo": "nur",
        "type": "github"
      }
    },
    "mist": {
      "inputs": {
        "zig2nix": "zig2nix"
      },
      "locked": {
        "lastModified": 1741241251,
        "narHash": "sha256-/vvPIOF5SBP8CPYoYgSTkR/6rEQ+xCuFUoNuoPfIxDo=",
        "owner": "mgord9518",
        "repo": "mist",
        "rev": "d1a575a078758f9873f3fa4c49f10e56c1f10203",
        "type": "github"
      },
      "original": {
        "owner": "mgord9518",
        "repo": "mist",
        "type": "github"
      }
    },
    "mnw": {
      "locked": {
        "lastModified": 1738852285,
        "narHash": "sha256-8Y1uyE6gGHxdU0Vcx2CMg/dAmDSxJw19aAl3TKbbo54=",
        "owner": "Gerg-L",
        "repo": "mnw",
        "rev": "6ae73dc9cb72cea17bcc2e3d4670825f483e80e8",
        "type": "github"
      },
      "original": {
        "owner": "Gerg-L",
        "repo": "mnw",
        "type": "github"
      }
    },
    "nil": {
      "inputs": {
        "flake-utils": [
          "nvf",
          "flake-utils"
        ],
        "nixpkgs": [
          "nvf",
          "nixpkgs"
        ],
        "rust-overlay": "rust-overlay"
      },
      "locked": {
        "lastModified": 1732053863,
        "narHash": "sha256-DCIVdlb81Fct2uwzbtnawLBC/U03U2hqx8trqTJB7WA=",
        "owner": "oxalica",
        "repo": "nil",
        "rev": "2e24c9834e3bb5aa2a3701d3713b43a6fb106362",
        "type": "github"
      },
      "original": {
        "owner": "oxalica",
        "repo": "nil",
        "type": "github"
      }
    },
    "nixpkgs": {
      "locked": {
        "lastModified": 1712449641,
        "narHash": "sha256-U9DDWMexN6o5Td2DznEgguh8TRIUnIl9levmit43GcI=",
        "owner": "NixOS",
        "repo": "nixpkgs",
        "rev": "600b15aea1b36eeb43833a50b0e96579147099ff",
        "type": "github"
      },
      "original": {
        "owner": "NixOS",
        "ref": "nixpkgs-unstable",
        "repo": "nixpkgs",
        "type": "github"
      }
    },
    "nixpkgs-lib": {
      "locked": {
        "lastModified": 1738452942,
        "narHash": "sha256-vJzFZGaCpnmo7I6i416HaBLpC+hvcURh/BQwROcGIp8=",
        "type": "tarball",
        "url": "https://github.com/NixOS/nixpkgs/archive/072a6db25e947df2f31aab9eccd0ab75d5b2da11.tar.gz"
      },
      "original": {
        "type": "tarball",
        "url": "https://github.com/NixOS/nixpkgs/archive/072a6db25e947df2f31aab9eccd0ab75d5b2da11.tar.gz"
      }
    },
    "nixpkgs_2": {
      "locked": {
        "lastModified": 1736817698,
        "narHash": "sha256-1m+JP9RUsbeLVv/tF1DX3Ew9Vl/fatXnlh/g5k3jcSk=",
        "owner": "nixos",
        "repo": "nixpkgs",
        "rev": "2b1fca3296ddd1602d2c4f104a4050e006f4b0cb",
        "type": "github"
      },
      "original": {
        "owner": "nixos",
        "repo": "nixpkgs",
        "type": "github"
      }
    },
    "nixpkgs_3": {
      "locked": {
        "lastModified": 1741513245,
        "narHash": "sha256-7rTAMNTY1xoBwz0h7ZMtEcd8LELk9R5TzBPoHuhNSCk=",
        "owner": "nixos",
        "repo": "nixpkgs",
        "rev": "e3e32b642a31e6714ec1b712de8c91a3352ce7e1",
        "type": "github"
      },
      "original": {
        "owner": "nixos",
        "ref": "nixos-unstable",
        "repo": "nixpkgs",
        "type": "github"
      }
    },
    "nixpkgs_4": {
      "locked": {
        "lastModified": 1740303746,
        "narHash": "sha256-XcdiWLEhjJkMxDLKQJ0CCivmYYCvA5MDxu9pMybM5kM=",
        "owner": "nixos",
        "repo": "nixpkgs",
        "rev": "2d068ae5c6516b2d04562de50a58c682540de9bf",
        "type": "github"
      },
      "original": {
        "owner": "nixos",
        "ref": "nixpkgs-unstable",
        "repo": "nixpkgs",
        "type": "github"
      }
    },
    "nixpkgs_5": {
      "locked": {
        "lastModified": 1714253743,
        "narHash": "sha256-mdTQw2XlariysyScCv2tTE45QSU9v/ezLcHJ22f0Nxc=",
        "owner": "nixos",
        "repo": "nixpkgs",
        "rev": "58a1abdbae3217ca6b702f03d3b35125d88a2994",
        "type": "github"
      },
      "original": {
        "owner": "nixos",
        "ref": "nixos-unstable",
        "repo": "nixpkgs",
        "type": "github"
      }
    },
    "nmd": {
      "flake": false,
      "locked": {
        "lastModified": 1705050560,
        "narHash": "sha256-x3zzcdvhJpodsmdjqB4t5mkVW22V3wqHLOun0KRBzUI=",
        "owner": "~rycee",
        "repo": "nmd",
        "rev": "66d9334933119c36f91a78d565c152a4fdc8d3d3",
        "type": "sourcehut"
      },
      "original": {
        "owner": "~rycee",
        "repo": "nmd",
        "type": "sourcehut"
      }
    },
    "nvf": {
      "inputs": {
        "flake-parts": "flake-parts",
        "flake-utils": "flake-utils_2",
        "mnw": "mnw",
        "nil": "nil",
        "nixpkgs": "nixpkgs_4",
        "nmd": "nmd",
        "systems": "systems_3"
      },
      "locked": {
        "lastModified": 1741642652,
        "narHash": "sha256-OXuSs4GONwxlZdb8HvZ0syCni1+6e0IGy7rzWnbs+PA=",
        "owner": "notashelf",
        "repo": "nvf",
        "rev": "2f02c47c1b5895b97295aacd454fad6eb1822598",
        "type": "github"
      },
      "original": {
        "owner": "notashelf",
        "repo": "nvf",
        "type": "github"
      }
    },
    "root": {
      "inputs": {
        "home-manager": "home-manager",
        "mgord9518-nur": "mgord9518-nur",
        "mist": "mist",
        "nixpkgs": "nixpkgs_3",
        "nvf": "nvf",
        "suyu": "suyu"
      }
    },
    "rust-overlay": {
      "inputs": {
        "nixpkgs": [
          "nvf",
          "nil",
          "nixpkgs"
        ]
      },
      "locked": {
        "lastModified": 1731983527,
        "narHash": "sha256-JECaBgC0pQ91Hq3W4unH6K9to8s2Zl2sPNu7bLOv4ek=",
        "owner": "oxalica",
        "repo": "rust-overlay",
        "rev": "71287228d96e9568e1e70c6bbfa3f992d145947b",
        "type": "github"
      },
      "original": {
        "owner": "oxalica",
        "repo": "rust-overlay",
        "type": "github"
      }
    },
    "suyu": {
      "inputs": {
        "nixpkgs": "nixpkgs_5",
        "systems": "systems_4"
      },
      "locked": {
        "lastModified": 1714727263,
        "narHash": "sha256-R+x0UZrBedeR6w+h44JaGwuQJrut5VVD2yjNgYNt9f4=",
        "ref": "refs/heads/master",
        "rev": "4013bb63ca2217eab5c4a25e266d68d908b96791",
        "revCount": 15,
        "type": "git",
        "url": "https://git.suyu.dev/suyu/nix-flake"
      },
      "original": {
        "type": "git",
        "url": "https://git.suyu.dev/suyu/nix-flake"
      }
    },
    "systems": {
      "locked": {
        "lastModified": 1681028828,
        "narHash": "sha256-Vy1rq5AaRuLzOxct8nz4T6wlgyUR7zLU309k9mBC768=",
        "owner": "nix-systems",
        "repo": "default",
        "rev": "da67096a3b9bf56a91d16901293e51ba5b49a27e",
        "type": "github"
      },
      "original": {
        "owner": "nix-systems",
        "repo": "default",
        "type": "github"
      }
    },
    "systems_2": {
      "locked": {
        "lastModified": 1681028828,
        "narHash": "sha256-Vy1rq5AaRuLzOxct8nz4T6wlgyUR7zLU309k9mBC768=",
        "owner": "nix-systems",
        "repo": "default",
        "rev": "da67096a3b9bf56a91d16901293e51ba5b49a27e",
        "type": "github"
      },
      "original": {
        "owner": "nix-systems",
        "repo": "default",
        "type": "github"
      }
    },
    "systems_3": {
      "locked": {
        "lastModified": 1681028828,
        "narHash": "sha256-Vy1rq5AaRuLzOxct8nz4T6wlgyUR7zLU309k9mBC768=",
        "owner": "nix-systems",
        "repo": "default",
        "rev": "da67096a3b9bf56a91d16901293e51ba5b49a27e",
        "type": "github"
      },
      "original": {
        "owner": "nix-systems",
        "repo": "default",
        "type": "github"
      }
    },
    "systems_4": {
      "locked": {
        "lastModified": 1689347949,
        "narHash": "sha256-12tWmuL2zgBgZkdoB6qXZsgJEH9LR3oUgpaQq2RbI80=",
        "owner": "nix-systems",
        "repo": "default-linux",
        "rev": "31732fcf5e8fea42e59c2488ad31a0e651500f68",
        "type": "github"
      },
      "original": {
        "owner": "nix-systems",
        "repo": "default-linux",
        "type": "github"
      }
    },
    "zig2nix": {
      "inputs": {
        "flake-utils": "flake-utils",
        "nixpkgs": "nixpkgs_2"
      },
      "locked": {
        "lastModified": 1739064784,
        "narHash": "sha256-AqQdeYVFp+OQPIXP/9POmWMm6UAGPMhvTIKHzOu3wy4=",
        "owner": "Cloudef",
        "repo": "zig2nix",
        "rev": "efc50116909a8d6385841e65a809f4462dc83318",
        "type": "github"
      },
      "original": {
        "owner": "Cloudef",
        "repo": "zig2nix",
        "type": "github"
      }
    }
  },
  "root": "root",
  "version": 7
}
